
Microsoft Visual Studio Solution File, Format Version 11.00
# Visual Studio 2010
Project("{FAE04EC0-301F-11D3-BF4B-00C04F79EFBC}") = "SamLab.Structural.App", "SamLab.Structural.App.csproj", "{0c6caa39-f3b8-8bae-61e6-b231470b802c}"
EndProject
Project("{FAE04EC0-301F-11D3-BF4B-00C04F79EFBC}") = "Assembly-CSharp", "Assembly-CSharp.csproj", "{57b7ea5a-1c89-bc2e-ffac-d37556ca8364}"
EndProject
Project("{FAE04EC0-301F-11D3-BF4B-00C04F79EFBC}") = "Assembly-CSharp-firstpass", "Assembly-CSharp-firstpass.csproj", "{c56c98f2-431f-f6ae-09b7-51097c0df546}"
EndProject
Global
	GlobalSection(SolutionConfigurationPlatforms) = preSolution
		Debug|Any CPU = Debug|Any CPU
	EndGlobalSection
	GlobalSection(ProjectConfigurationPlatforms) = postSolution
		{0c6caa39-f3b8-8bae-61e6-b231470b802c}.Debug|Any CPU.ActiveCfg = Debug|Any CPU
		{0c6caa39-f3b8-8bae-61e6-b231470b802c}.Debug|Any CPU.Build.0 = Debug|Any CPU
		{57b7ea5a-1c89-bc2e-ffac-d37556ca8364}.Debug|Any CPU.ActiveCfg = Debug|Any CPU
		{57b7ea5a-1c89-bc2e-ffac-d37556ca8364}.Debug|Any CPU.Build.0 = Debug|Any CPU
		{c56c98f2-431f-f6ae-09b7-51097c0df546}.Debug|Any CPU.ActiveCfg = Debug|Any CPU
		{c56c98f2-431f-f6ae-09b7-51097c0df546}.Debug|Any CPU.Build.0 = Debug|Any CPU
	EndGlobalSection
	GlobalSection(SolutionProperties) = preSolution
		HideSolutionNode = FALSE
	EndGlobalSection
EndGlobal
